{
  "version": 4,
  "terraform_version": "1.2.2",
  "serial": 9,
  "lineage": "0282df76-fc93-93c2-3b62-568ba0fce2b4",
  "outputs": {
    "load_balancer_public_ip": {
      "value": [
        "130.193.53.114"
      ],
      "type": [
        "list",
        "string"
      ]
    }
  },
  "resources": [
    {
      "mode": "data",
      "type": "yandex_compute_image",
      "name": "app-1",
      "provider": "provider[\"registry.terraform.io/yandex-cloud/yandex\"]",
      "instances": [
        {
          "schema_version": 0,
          "attributes": {
            "created_at": "2022-05-30T10:42:19Z",
            "description": "LEMP",
            "family": "lemp",
            "folder_id": "standard-images",
            "id": "fd8fqbcrjab2nphrs4mk",
            "image_id": "fd8fqbcrjab2nphrs4mk",
            "labels": {},
            "min_disk_size": 3,
            "name": "lemp-v20220530",
            "os_type": "linux",
            "pooled": true,
            "product_ids": [
              "f2ekal3no0231ct8vjpn",
              "f2es2f4ng3bm1aq9an7o"
            ],
            "size": 2,
            "status": "ready"
          },
          "sensitive_attributes": []
        }
      ]
    },
    {
      "mode": "data",
      "type": "yandex_compute_image",
      "name": "app2",
      "provider": "provider[\"registry.terraform.io/yandex-cloud/yandex\"]",
      "instances": [
        {
          "schema_version": 0,
          "attributes": {
            "created_at": "2022-05-30T10:44:17Z",
            "description": "LAMP",
            "family": "lamp",
            "folder_id": "standard-images",
            "id": "fd8k7mv0qkehajdh0p98",
            "image_id": "fd8k7mv0qkehajdh0p98",
            "labels": {},
            "min_disk_size": 3,
            "name": "lamp-v20220530",
            "os_type": "linux",
            "pooled": true,
            "product_ids": [
              "f2e8l4ou7qjanrf4i5u5",
              "f2es2f4ng3bm1aq9an7o"
            ],
            "size": 2,
            "status": "ready"
          },
          "sensitive_attributes": []
        }
      ]
    },
    {
      "mode": "managed",
      "type": "yandex_compute_instance",
      "name": "app-1",
      "provider": "provider[\"registry.terraform.io/yandex-cloud/yandex\"]",
      "instances": [
        {
          "schema_version": 1,
          "attributes": {
            "allow_recreate": null,
            "allow_stopping_for_update": null,
            "boot_disk": [
              {
                "auto_delete": true,
                "device_name": "fhm8jed9e5fpps2km0bp",
                "disk_id": "fhm8jed9e5fpps2km0bp",
                "initialize_params": [
                  {
                    "block_size": 4096,
                    "description": "",
                    "image_id": "fd8fqbcrjab2nphrs4mk",
                    "name": "",
                    "size": 3,
                    "snapshot_id": "",
                    "type": "network-hdd"
                  }
                ],
                "mode": "READ_WRITE"
              }
            ],
            "created_at": "2022-06-06T10:34:40Z",
            "description": "",
            "folder_id": "b1goaqh894c2d2l1ivng",
            "fqdn": "fhmg5ci7q2mpnr4buph8.auto.internal",
            "hostname": "fhmg5ci7q2mpnr4buph8",
            "id": "fhmg5ci7q2mpnr4buph8",
            "labels": null,
            "metadata": {
              "ssh-keys": "ubuntu:ssh-rsa AAAAB3NzaC1yc2EAAAADAQABAAABgQCzM7479dGdTcvJirXqKRnMTWQgmEV2BnepAR8p9wzJR+MNmpJ79obmAdJ6lf3oM2ooLO4JRywB4e0QX6LdhjLxfyrSwTLPrGXrnRelDB+P3TITCn91j5877PK4UmWxX+eDrVSypvbjwfKMnqzrMelAh/pBk/UOvikELFuUVC8w5JxqNJpaKB00twe8Ho1O2095SM+Gwlg59m+uBLJWhrHhI8zNEx//LdN//zVyEyE/M8aOFcSkUmsW9MhgbO1ivDNSq8G9Edctm8QvnDszt06fRmqX+sESEZWOYkqAH8HqD5UUZQIzzCckSRB7zaj18B5xlwB7EwngoGIajeyOA4MPW1Kpl6Qybllmccv/fl2dH3kV2xZDS1GTY7wEwOITCzI8O0UdVueGyJagjhK4JZnlBHoSGDvOLt2NdcfpckxbJNKkvwP46rA8Kb3mckFyFVc925UnKkYcc3yd0FdMQvjjYJK/8gyi4KC1umSKQGkSRUymKrKIqEmv63q/Xaf/U20= root@fedora\n"
            },
            "name": "app-1",
            "network_acceleration_type": "standard",
            "network_interface": [
              {
                "dns_record": [],
                "index": 0,
                "ip_address": "10.2.0.29",
                "ipv4": true,
                "ipv6": false,
                "ipv6_address": "",
                "ipv6_dns_record": [],
                "mac_address": "d0:0d:10:2b:24:7d",
                "nat": true,
                "nat_dns_record": [],
                "nat_ip_address": "51.250.64.231",
                "nat_ip_version": "IPV4",
                "security_group_ids": [],
                "subnet_id": "e9b4c31p0bnk1l14stav"
              }
            ],
            "placement_policy": [
              {
                "host_affinity_rules": [],
                "placement_group_id": ""
              }
            ],
            "platform_id": "standard-v1",
            "resources": [
              {
                "core_fraction": 100,
                "cores": 2,
                "gpus": 0,
                "memory": 2
              }
            ],
            "scheduling_policy": [
              {
                "preemptible": false
              }
            ],
            "secondary_disk": [],
            "service_account_id": "",
            "status": "running",
            "timeouts": null,
            "zone": "ru-central1-a"
          },
          "sensitive_attributes": [],
          "private": "eyJlMmJmYjczMC1lY2FhLTExZTYtOGY4OC0zNDM2M2JjN2M0YzAiOnsiY3JlYXRlIjozMDAwMDAwMDAwMDAsImRlbGV0ZSI6MzAwMDAwMDAwMDAwLCJ1cGRhdGUiOjMwMDAwMDAwMDAwMH0sInNjaGVtYV92ZXJzaW9uIjoiMSJ9",
          "dependencies": [
            "data.yandex_compute_image.app-1",
            "yandex_vpc_network.network",
            "yandex_vpc_subnet.subnet-a"
          ]
        }
      ]
    },
    {
      "mode": "managed",
      "type": "yandex_compute_instance",
      "name": "app-2",
      "provider": "provider[\"registry.terraform.io/yandex-cloud/yandex\"]",
      "instances": [
        {
          "schema_version": 1,
          "attributes": {
            "allow_recreate": null,
            "allow_stopping_for_update": null,
            "boot_disk": [
              {
                "auto_delete": true,
                "device_name": "epdhb5p7gcktug5c7s9a",
                "disk_id": "epdhb5p7gcktug5c7s9a",
                "initialize_params": [
                  {
                    "block_size": 4096,
                    "description": "",
                    "image_id": "fd8k7mv0qkehajdh0p98",
                    "name": "",
                    "size": 3,
                    "snapshot_id": "",
                    "type": "network-hdd"
                  }
                ],
                "mode": "READ_WRITE"
              }
            ],
            "created_at": "2022-06-06T10:34:38Z",
            "description": "",
            "folder_id": "b1goaqh894c2d2l1ivng",
            "fqdn": "epdf25di8uvjb59ubv3g.auto.internal",
            "hostname": "epdf25di8uvjb59ubv3g",
            "id": "epdf25di8uvjb59ubv3g",
            "labels": null,
            "metadata": {
              "ssh-keys": "ubuntu:ssh-rsa AAAAB3NzaC1yc2EAAAADAQABAAABgQCzM7479dGdTcvJirXqKRnMTWQgmEV2BnepAR8p9wzJR+MNmpJ79obmAdJ6lf3oM2ooLO4JRywB4e0QX6LdhjLxfyrSwTLPrGXrnRelDB+P3TITCn91j5877PK4UmWxX+eDrVSypvbjwfKMnqzrMelAh/pBk/UOvikELFuUVC8w5JxqNJpaKB00twe8Ho1O2095SM+Gwlg59m+uBLJWhrHhI8zNEx//LdN//zVyEyE/M8aOFcSkUmsW9MhgbO1ivDNSq8G9Edctm8QvnDszt06fRmqX+sESEZWOYkqAH8HqD5UUZQIzzCckSRB7zaj18B5xlwB7EwngoGIajeyOA4MPW1Kpl6Qybllmccv/fl2dH3kV2xZDS1GTY7wEwOITCzI8O0UdVueGyJagjhK4JZnlBHoSGDvOLt2NdcfpckxbJNKkvwP46rA8Kb3mckFyFVc925UnKkYcc3yd0FdMQvjjYJK/8gyi4KC1umSKQGkSRUymKrKIqEmv63q/Xaf/U20= root@fedora\n"
            },
            "name": "app-2",
            "network_acceleration_type": "standard",
            "network_interface": [
              {
                "dns_record": [],
                "index": 0,
                "ip_address": "10.3.0.12",
                "ipv4": true,
                "ipv6": false,
                "ipv6_address": "",
                "ipv6_dns_record": [],
                "mac_address": "d0:0d:f1:15:b2:47",
                "nat": true,
                "nat_dns_record": [],
                "nat_ip_address": "130.193.53.78",
                "nat_ip_version": "IPV4",
                "security_group_ids": [],
                "subnet_id": "e2lk10okb4p9jrafmhgh"
              }
            ],
            "placement_policy": [
              {
                "host_affinity_rules": [],
                "placement_group_id": ""
              }
            ],
            "platform_id": "standard-v1",
            "resources": [
              {
                "core_fraction": 100,
                "cores": 2,
                "gpus": 0,
                "memory": 2
              }
            ],
            "scheduling_policy": [
              {
                "preemptible": false
              }
            ],
            "secondary_disk": [],
            "service_account_id": "",
            "status": "running",
            "timeouts": null,
            "zone": "ru-central1-b"
          },
          "sensitive_attributes": [],
          "private": "eyJlMmJmYjczMC1lY2FhLTExZTYtOGY4OC0zNDM2M2JjN2M0YzAiOnsiY3JlYXRlIjozMDAwMDAwMDAwMDAsImRlbGV0ZSI6MzAwMDAwMDAwMDAwLCJ1cGRhdGUiOjMwMDAwMDAwMDAwMH0sInNjaGVtYV92ZXJzaW9uIjoiMSJ9",
          "dependencies": [
            "data.yandex_compute_image.app2",
            "yandex_vpc_network.network",
            "yandex_vpc_subnet.subnet-b"
          ]
        }
      ]
    },
    {
      "mode": "managed",
      "type": "yandex_lb_network_load_balancer",
      "name": "lb",
      "provider": "provider[\"registry.terraform.io/yandex-cloud/yandex\"]",
      "instances": [
        {
          "schema_version": 0,
          "attributes": {
            "attached_target_group": [
              {
                "healthcheck": [
                  {
                    "healthy_threshold": 2,
                    "http_options": [
                      {
                        "path": "/",
                        "port": 80
                      }
                    ],
                    "interval": 2,
                    "name": "http",
                    "tcp_options": [],
                    "timeout": 1,
                    "unhealthy_threshold": 2
                  }
                ],
                "target_group_id": "enpfhbnh4u6lhcl0am9m"
              }
            ],
            "created_at": "2022-06-06T10:35:22Z",
            "description": "",
            "folder_id": "b1goaqh894c2d2l1ivng",
            "id": "enp977snc51ilhtuun1j",
            "labels": null,
            "listener": [
              {
                "external_address_spec": [
                  {
                    "address": "130.193.53.114",
                    "ip_version": "ipv4"
                  }
                ],
                "internal_address_spec": [],
                "name": "listener",
                "port": 80,
                "protocol": "tcp",
                "target_port": 80
              }
            ],
            "name": "network-load-balancer",
            "region_id": "ru-central1",
            "timeouts": null,
            "type": "external"
          },
          "sensitive_attributes": [],
          "private": "eyJlMmJmYjczMC1lY2FhLTExZTYtOGY4OC0zNDM2M2JjN2M0YzAiOnsiY3JlYXRlIjozMDAwMDAwMDAwMDAsImRlbGV0ZSI6MzAwMDAwMDAwMDAwLCJ1cGRhdGUiOjMwMDAwMDAwMDAwMH19",
          "dependencies": [
            "data.yandex_compute_image.app-1",
            "data.yandex_compute_image.app2",
            "yandex_compute_instance.app-1",
            "yandex_compute_instance.app-2",
            "yandex_lb_target_group.tg",
            "yandex_vpc_network.network",
            "yandex_vpc_subnet.subnet-a",
            "yandex_vpc_subnet.subnet-b"
          ]
        }
      ]
    },
    {
      "mode": "managed",
      "type": "yandex_lb_target_group",
      "name": "tg",
      "provider": "provider[\"registry.terraform.io/yandex-cloud/yandex\"]",
      "instances": [
        {
          "schema_version": 0,
          "attributes": {
            "created_at": "2022-06-06T10:35:20Z",
            "description": "",
            "folder_id": "b1goaqh894c2d2l1ivng",
            "id": "enpfhbnh4u6lhcl0am9m",
            "labels": null,
            "name": "target-group",
            "region_id": "ru-central1",
            "target": [
              {
                "address": "10.2.0.29",
                "subnet_id": "e9b4c31p0bnk1l14stav"
              },
              {
                "address": "10.3.0.12",
                "subnet_id": "e2lk10okb4p9jrafmhgh"
              }
            ],
            "timeouts": null
          },
          "sensitive_attributes": [],
          "private": "eyJlMmJmYjczMC1lY2FhLTExZTYtOGY4OC0zNDM2M2JjN2M0YzAiOnsiY3JlYXRlIjozMDAwMDAwMDAwMDAsImRlbGV0ZSI6MzAwMDAwMDAwMDAwLCJ1cGRhdGUiOjMwMDAwMDAwMDAwMH19",
          "dependencies": [
            "data.yandex_compute_image.app-1",
            "data.yandex_compute_image.app2",
            "yandex_compute_instance.app-1",
            "yandex_compute_instance.app-2",
            "yandex_vpc_network.network",
            "yandex_vpc_subnet.subnet-a",
            "yandex_vpc_subnet.subnet-b"
          ]
        }
      ]
    },
    {
      "mode": "managed",
      "type": "yandex_vpc_network",
      "name": "network",
      "provider": "provider[\"registry.terraform.io/yandex-cloud/yandex\"]",
      "instances": [
        {
          "schema_version": 0,
          "attributes": {
            "created_at": "2022-06-06T10:34:36Z",
            "default_security_group_id": "",
            "description": "",
            "folder_id": "b1goaqh894c2d2l1ivng",
            "id": "enp461uc0d9kqq7oji3c",
            "labels": {},
            "name": "network",
            "subnet_ids": [],
            "timeouts": null
          },
          "sensitive_attributes": [],
          "private": "eyJlMmJmYjczMC1lY2FhLTExZTYtOGY4OC0zNDM2M2JjN2M0YzAiOnsiY3JlYXRlIjo2MDAwMDAwMDAwMCwiZGVsZXRlIjo2MDAwMDAwMDAwMCwidXBkYXRlIjo2MDAwMDAwMDAwMH19"
        }
      ]
    },
    {
      "mode": "managed",
      "type": "yandex_vpc_subnet",
      "name": "subnet-a",
      "provider": "provider[\"registry.terraform.io/yandex-cloud/yandex\"]",
      "instances": [
        {
          "schema_version": 0,
          "attributes": {
            "created_at": "2022-06-06T10:34:38Z",
            "description": "",
            "dhcp_options": [],
            "folder_id": "b1goaqh894c2d2l1ivng",
            "id": "e9b4c31p0bnk1l14stav",
            "labels": {},
            "name": "wp-subnet-a",
            "network_id": "enp461uc0d9kqq7oji3c",
            "route_table_id": "",
            "timeouts": null,
            "v4_cidr_blocks": [
              "10.2.0.0/16"
            ],
            "v6_cidr_blocks": [],
            "zone": "ru-central1-a"
          },
          "sensitive_attributes": [],
          "private": "eyJlMmJmYjczMC1lY2FhLTExZTYtOGY4OC0zNDM2M2JjN2M0YzAiOnsiY3JlYXRlIjoxODAwMDAwMDAwMDAsImRlbGV0ZSI6MTgwMDAwMDAwMDAwLCJ1cGRhdGUiOjE4MDAwMDAwMDAwMH19",
          "dependencies": [
            "yandex_vpc_network.network"
          ]
        }
      ]
    },
    {
      "mode": "managed",
      "type": "yandex_vpc_subnet",
      "name": "subnet-b",
      "provider": "provider[\"registry.terraform.io/yandex-cloud/yandex\"]",
      "instances": [
        {
          "schema_version": 0,
          "attributes": {
            "created_at": "2022-06-06T10:34:37Z",
            "description": "",
            "dhcp_options": [],
            "folder_id": "b1goaqh894c2d2l1ivng",
            "id": "e2lk10okb4p9jrafmhgh",
            "labels": {},
            "name": "wp-subnet-b",
            "network_id": "enp461uc0d9kqq7oji3c",
            "route_table_id": "",
            "timeouts": null,
            "v4_cidr_blocks": [
              "10.3.0.0/16"
            ],
            "v6_cidr_blocks": [],
            "zone": "ru-central1-b"
          },
          "sensitive_attributes": [],
          "private": "eyJlMmJmYjczMC1lY2FhLTExZTYtOGY4OC0zNDM2M2JjN2M0YzAiOnsiY3JlYXRlIjoxODAwMDAwMDAwMDAsImRlbGV0ZSI6MTgwMDAwMDAwMDAwLCJ1cGRhdGUiOjE4MDAwMDAwMDAwMH19",
          "dependencies": [
            "yandex_vpc_network.network"
          ]
        }
      ]
    },
    {
      "mode": "managed",
      "type": "yandex_vpc_subnet",
      "name": "subnet-c",
      "provider": "provider[\"registry.terraform.io/yandex-cloud/yandex\"]",
      "instances": [
        {
          "schema_version": 0,
          "attributes": {
            "created_at": "2022-06-06T10:34:37Z",
            "description": "",
            "dhcp_options": [],
            "folder_id": "b1goaqh894c2d2l1ivng",
            "id": "b0cihnoegcpqiq64mbhr",
            "labels": {},
            "name": "wp-subnet-c",
            "network_id": "enp461uc0d9kqq7oji3c",
            "route_table_id": "",
            "timeouts": null,
            "v4_cidr_blocks": [
              "10.4.0.0/16"
            ],
            "v6_cidr_blocks": [],
            "zone": "ru-central1-c"
          },
          "sensitive_attributes": [],
          "private": "eyJlMmJmYjczMC1lY2FhLTExZTYtOGY4OC0zNDM2M2JjN2M0YzAiOnsiY3JlYXRlIjoxODAwMDAwMDAwMDAsImRlbGV0ZSI6MTgwMDAwMDAwMDAwLCJ1cGRhdGUiOjE4MDAwMDAwMDAwMH19",
          "dependencies": [
            "yandex_vpc_network.network"
          ]
        }
      ]
    }
  ]
}
